
Microsoft Visual Studio Solution File, Format Version 12.00
# Visual Studio 14
VisualStudioVersion = 14.0.25420.1
MinimumVisualStudioVersion = 10.0.40219.1
Project("{FAE04EC0-301F-11D3-BF4B-00C04F79EFBC}") = "AMS", "AMS\AMS.csproj", "{CD9CE26D-58DE-4F1C-8982-9434A49B6809}"
EndProject
Project("{FAE04EC0-301F-11D3-BF4B-00C04F79EFBC}") = "AMS.DAL", "AMS.DAL\AMS.DAL.csproj", "{12AB8B1C-A408-4CC4-90C2-D0535109A3F8}"
EndProject
Project("{FAE04EC0-301F-11D3-BF4B-00C04F79EFBC}") = "AMS.SessionUtility", "AMS.SessionUtility\AMS.SessionUtility.csproj", "{C9E7B434-4CF2-4534-87DF-B761A19AC51E}"
EndProject
Project("{FAE04EC0-301F-11D3-BF4B-00C04F79EFBC}") = "AMS.Model", "AMS.Model\AMS.Model.csproj", "{3D15D88E-D9F6-49A5-A02E-185F71405971}"
EndProject
Project("{FAE04EC0-301F-11D3-BF4B-00C04F79EFBC}") = "AMS.Biz", "AMS.Biz\AMS.Biz.csproj", "{464CFA71-55C4-4ADF-9D76-4491BB1B7CCE}"
EndProject
Project("{FAE04EC0-301F-11D3-BF4B-00C04F79EFBC}") = "AMS.Common.Model", "AMS.Common.Model\AMS.Common.Model.csproj", "{8B1811A0-E073-46E7-AEBD-102AAE42217F}"
EndProject
Project("{FAE04EC0-301F-11D3-BF4B-00C04F79EFBC}") = "AMS.Common.Biz", "AMS.Common.Biz\AMS.Common.Biz.csproj", "{45623E86-797E-4397-87DD-8FC9D9D0EA2F}"
EndProject
Project("{FAE04EC0-301F-11D3-BF4B-00C04F79EFBC}") = "AMS.Notification.Model", "AMS.Notification.Model\AMS.Notification.Model.csproj", "{A15974BD-7BE1-4BAD-B99A-0CC1DA155FDC}"
EndProject
Project("{FAE04EC0-301F-11D3-BF4B-00C04F79EFBC}") = "AMS.Notification.Biz", "AMS.Notification.Biz\AMS.Notification.Biz.csproj", "{C71A36BC-D5FD-4F2F-9730-32AD7E8D20EB}"
EndProject
Global
	GlobalSection(SolutionConfigurationPlatforms) = preSolution
		Debug|Any CPU = Debug|Any CPU
		Release|Any CPU = Release|Any CPU
	EndGlobalSection
	GlobalSection(ProjectConfigurationPlatforms) = postSolution
		{CD9CE26D-58DE-4F1C-8982-9434A49B6809}.Debug|Any CPU.ActiveCfg = Debug|Any CPU
		{CD9CE26D-58DE-4F1C-8982-9434A49B6809}.Debug|Any CPU.Build.0 = Debug|Any CPU
		{CD9CE26D-58DE-4F1C-8982-9434A49B6809}.Release|Any CPU.ActiveCfg = Release|Any CPU
		{CD9CE26D-58DE-4F1C-8982-9434A49B6809}.Release|Any CPU.Build.0 = Release|Any CPU
		{12AB8B1C-A408-4CC4-90C2-D0535109A3F8}.Debug|Any CPU.ActiveCfg = Debug|Any CPU
		{12AB8B1C-A408-4CC4-90C2-D0535109A3F8}.Debug|Any CPU.Build.0 = Debug|Any CPU
		{12AB8B1C-A408-4CC4-90C2-D0535109A3F8}.Release|Any CPU.ActiveCfg = Release|Any CPU
		{12AB8B1C-A408-4CC4-90C2-D0535109A3F8}.Release|Any CPU.Build.0 = Release|Any CPU
		{C9E7B434-4CF2-4534-87DF-B761A19AC51E}.Debug|Any CPU.ActiveCfg = Debug|Any CPU
		{C9E7B434-4CF2-4534-87DF-B761A19AC51E}.Debug|Any CPU.Build.0 = Debug|Any CPU
		{C9E7B434-4CF2-4534-87DF-B761A19AC51E}.Release|Any CPU.ActiveCfg = Release|Any CPU
		{C9E7B434-4CF2-4534-87DF-B761A19AC51E}.Release|Any CPU.Build.0 = Release|Any CPU
		{3D15D88E-D9F6-49A5-A02E-185F71405971}.Debug|Any CPU.ActiveCfg = Debug|Any CPU
		{3D15D88E-D9F6-49A5-A02E-185F71405971}.Debug|Any CPU.Build.0 = Debug|Any CPU
		{3D15D88E-D9F6-49A5-A02E-185F71405971}.Release|Any CPU.ActiveCfg = Release|Any CPU
		{3D15D88E-D9F6-49A5-A02E-185F71405971}.Release|Any CPU.Build.0 = Release|Any CPU
		{464CFA71-55C4-4ADF-9D76-4491BB1B7CCE}.Debug|Any CPU.ActiveCfg = Debug|Any CPU
		{464CFA71-55C4-4ADF-9D76-4491BB1B7CCE}.Debug|Any CPU.Build.0 = Debug|Any CPU
		{464CFA71-55C4-4ADF-9D76-4491BB1B7CCE}.Release|Any CPU.ActiveCfg = Release|Any CPU
		{464CFA71-55C4-4ADF-9D76-4491BB1B7CCE}.Release|Any CPU.Build.0 = Release|Any CPU
		{8B1811A0-E073-46E7-AEBD-102AAE42217F}.Debug|Any CPU.ActiveCfg = Debug|Any CPU
		{8B1811A0-E073-46E7-AEBD-102AAE42217F}.Debug|Any CPU.Build.0 = Debug|Any CPU
		{8B1811A0-E073-46E7-AEBD-102AAE42217F}.Release|Any CPU.ActiveCfg = Release|Any CPU
		{8B1811A0-E073-46E7-AEBD-102AAE42217F}.Release|Any CPU.Build.0 = Release|Any CPU
		{45623E86-797E-4397-87DD-8FC9D9D0EA2F}.Debug|Any CPU.ActiveCfg = Debug|Any CPU
		{45623E86-797E-4397-87DD-8FC9D9D0EA2F}.Debug|Any CPU.Build.0 = Debug|Any CPU
		{45623E86-797E-4397-87DD-8FC9D9D0EA2F}.Release|Any CPU.ActiveCfg = Release|Any CPU
		{45623E86-797E-4397-87DD-8FC9D9D0EA2F}.Release|Any CPU.Build.0 = Release|Any CPU
		{A15974BD-7BE1-4BAD-B99A-0CC1DA155FDC}.Debug|Any CPU.ActiveCfg = Debug|Any CPU
		{A15974BD-7BE1-4BAD-B99A-0CC1DA155FDC}.Debug|Any CPU.Build.0 = Debug|Any CPU
		{A15974BD-7BE1-4BAD-B99A-0CC1DA155FDC}.Release|Any CPU.ActiveCfg = Release|Any CPU
		{A15974BD-7BE1-4BAD-B99A-0CC1DA155FDC}.Release|Any CPU.Build.0 = Release|Any CPU
		{C71A36BC-D5FD-4F2F-9730-32AD7E8D20EB}.Debug|Any CPU.ActiveCfg = Debug|Any CPU
		{C71A36BC-D5FD-4F2F-9730-32AD7E8D20EB}.Debug|Any CPU.Build.0 = Debug|Any CPU
		{C71A36BC-D5FD-4F2F-9730-32AD7E8D20EB}.Release|Any CPU.ActiveCfg = Release|Any CPU
		{C71A36BC-D5FD-4F2F-9730-32AD7E8D20EB}.Release|Any CPU.Build.0 = Release|Any CPU
	EndGlobalSection
	GlobalSection(SolutionProperties) = preSolution
		HideSolutionNode = FALSE
	EndGlobalSection
EndGlobal
